
Microsoft Visual Studio Solution File, Format Version 12.00
# Visual Studio Version 17
VisualStudioVersion = 17.10.34928.147
MinimumVisualStudioVersion = 10.0.40219.1
Project("{FAE04EC0-301F-11D3-BF4B-00C04F79EFBC}") = "Lab5", "Lab5\Lab5.csproj", "{50174D75-9AE5-4AAB-BB1F-A17EEF74246E}"
EndProject
Global
	GlobalSection(SolutionConfigurationPlatforms) = preSolution
		Debug|Any CPU = Debug|Any CPU
		Release|Any CPU = Release|Any CPU
	EndGlobalSection
	GlobalSection(ProjectConfigurationPlatforms) = postSolution
		{50174D75-9AE5-4AAB-BB1F-A17EEF74246E}.Debug|Any CPU.ActiveCfg = Debug|Any CPU
		{50174D75-9AE5-4AAB-BB1F-A17EEF74246E}.Debug|Any CPU.Build.0 = Debug|Any CPU
		{50174D75-9AE5-4AAB-BB1F-A17EEF74246E}.Release|Any CPU.ActiveCfg = Release|Any CPU
		{50174D75-9AE5-4AAB-BB1F-A17EEF74246E}.Release|Any CPU.Build.0 = Release|Any CPU
	EndGlobalSection
	GlobalSection(SolutionProperties) = preSolution
		HideSolutionNode = FALSE
	EndGlobalSection
	GlobalSection(ExtensibilityGlobals) = postSolution
		SolutionGuid = {4CA6C87B-3922-488B-B2BD-7667097FA9C5}
	EndGlobalSection
EndGlobal
